
Microsoft Visual Studio Solution File, Format Version 12.00
# Visual Studio 15
VisualStudioVersion = 15.0.27703.2035
MinimumVisualStudioVersion = 10.0.40219.1
Project("{9A19103F-16F7-4668-BE54-9A1E7A4F7556}") = "Music_Matchup", "Music_Matchup.csproj", "{8399C376-C9BF-46AC-BE41-018667BA81FE}"
EndProject
Global
	GlobalSection(SolutionConfigurationPlatforms) = preSolution
		Debug|Any CPU = Debug|Any CPU
		Release|Any CPU = Release|Any CPU
	EndGlobalSection
	GlobalSection(ProjectConfigurationPlatforms) = postSolution
		{8399C376-C9BF-46AC-BE41-018667BA81FE}.Debug|Any CPU.ActiveCfg = Debug|Any CPU
		{8399C376-C9BF-46AC-BE41-018667BA81FE}.Debug|Any CPU.Build.0 = Debug|Any CPU
		{8399C376-C9BF-46AC-BE41-018667BA81FE}.Release|Any CPU.ActiveCfg = Release|Any CPU
		{8399C376-C9BF-46AC-BE41-018667BA81FE}.Release|Any CPU.Build.0 = Release|Any CPU
	EndGlobalSection
	GlobalSection(SolutionProperties) = preSolution
		HideSolutionNode = FALSE
	EndGlobalSection
	GlobalSection(ExtensibilityGlobals) = postSolution
		SolutionGuid = {3EAD0693-AE1F-4E20-991C-E7CE425E9C58}
	EndGlobalSection
EndGlobal
