
Microsoft Visual Studio Solution File, Format Version 12.00
# Visual Studio 15
VisualStudioVersion = 15.0.27428.1
MinimumVisualStudioVersion = 10.0.40219.1
Project("{FAE04EC0-301F-11D3-BF4B-00C04F79EFBC}") = "MusicMatch", "MusicMatch\MusicMatch.csproj", "{C29B41DD-DC01-4FCD-84F8-F22268A54C8D}"
EndProject
Global
	GlobalSection(SolutionConfigurationPlatforms) = preSolution
		Debug|Any CPU = Debug|Any CPU
		Release|Any CPU = Release|Any CPU
	EndGlobalSection
	GlobalSection(ProjectConfigurationPlatforms) = postSolution
		{C29B41DD-DC01-4FCD-84F8-F22268A54C8D}.Debug|Any CPU.ActiveCfg = Debug|Any CPU
		{C29B41DD-DC01-4FCD-84F8-F22268A54C8D}.Debug|Any CPU.Build.0 = Debug|Any CPU
		{C29B41DD-DC01-4FCD-84F8-F22268A54C8D}.Release|Any CPU.ActiveCfg = Release|Any CPU
		{C29B41DD-DC01-4FCD-84F8-F22268A54C8D}.Release|Any CPU.Build.0 = Release|Any CPU
	EndGlobalSection
	GlobalSection(SolutionProperties) = preSolution
		HideSolutionNode = FALSE
	EndGlobalSection
	GlobalSection(ExtensibilityGlobals) = postSolution
		SolutionGuid = {0B12C921-550C-4932-8876-0960D4B584A7}
	EndGlobalSection
EndGlobal
